
Microsoft Visual Studio Solution File, Format Version 12.00
# Visual Studio Version 16
VisualStudioVersion = 16.0.32407.337
MinimumVisualStudioVersion = 10.0.40219.1
Project("{FAE04EC0-301F-11D3-BF4B-00C04F79EFBC}") = "CustomCustomDoubleParse", "CustomCustomDoubleParse\CustomCustomDoubleParse.csproj", "{74EA5653-CC9C-4FEA-873C-A2649B615D8A}"
EndProject
Project("{FAE04EC0-301F-11D3-BF4B-00C04F79EFBC}") = "CustomStandardDoubleParse", "CustomStandardDoubleParse\CustomStandardDoubleParse.csproj", "{91D05CA0-03BB-43B0-AF73-97B8DD4926E8}"
EndProject
Global
	GlobalSection(SolutionConfigurationPlatforms) = preSolution
		Debug|Any CPU = Debug|Any CPU
		Release|Any CPU = Release|Any CPU
	EndGlobalSection
	GlobalSection(ProjectConfigurationPlatforms) = postSolution
		{74EA5653-CC9C-4FEA-873C-A2649B615D8A}.Debug|Any CPU.ActiveCfg = Debug|Any CPU
		{74EA5653-CC9C-4FEA-873C-A2649B615D8A}.Debug|Any CPU.Build.0 = Debug|Any CPU
		{74EA5653-CC9C-4FEA-873C-A2649B615D8A}.Release|Any CPU.ActiveCfg = Release|Any CPU
		{74EA5653-CC9C-4FEA-873C-A2649B615D8A}.Release|Any CPU.Build.0 = Release|Any CPU
		{91D05CA0-03BB-43B0-AF73-97B8DD4926E8}.Debug|Any CPU.ActiveCfg = Debug|Any CPU
		{91D05CA0-03BB-43B0-AF73-97B8DD4926E8}.Debug|Any CPU.Build.0 = Debug|Any CPU
		{91D05CA0-03BB-43B0-AF73-97B8DD4926E8}.Release|Any CPU.ActiveCfg = Release|Any CPU
		{91D05CA0-03BB-43B0-AF73-97B8DD4926E8}.Release|Any CPU.Build.0 = Release|Any CPU
	EndGlobalSection
	GlobalSection(SolutionProperties) = preSolution
		HideSolutionNode = FALSE
	EndGlobalSection
	GlobalSection(ExtensibilityGlobals) = postSolution
		SolutionGuid = {F41B4B61-360A-4793-B5DC-1A07E8AC4027}
	EndGlobalSection
EndGlobal
